# This file was autogenerated by Stack.
# You should not edit this file by hand.
# For more information, please see the documentation at:
#   https://docs.haskellstack.org/en/stable/lock_files

packages:
- completed:
    hackage: z3-408.0@sha256:89bbc2d828dc1fe1f19666e8e501c69ce5d0ed8026e4a02f7eae1e69f4a352af,4052
    pantry-tree:
      size: 1475
      sha256: a1d51f6016ac5958618d274210d208557072924e93b4ec59fe0ad3418851ca3d
  original:
    hackage: z3-408.0@sha256:89bbc2d828dc1fe1f19666e8e501c69ce5d0ed8026e4a02f7eae1e69f4a352af,4052
snapshots:
- completed:
    size: 533451
    url: https://raw.githubusercontent.com/commercialhaskell/stackage-snapshots/master/lts/9/0.yaml
    sha256: 27f29b231b39ea68e967a7a4346b2693a49d77c50f41fc0c276e11189a538da7
  original: lts-9.0
